
Microsoft Visual Studio Solution File, Format Version 12.00
# Visual Studio 2013
VisualStudioVersion = 12.0.30501.0
MinimumVisualStudioVersion = 10.0.40219.1
Project("{FAE04EC0-301F-11D3-BF4B-00C04F79EFBC}") = "ContactsApplication", "ContactsApplication\ContactsApplication.csproj", "{56DDBE7D-7A4B-4D94-BB71-3D5995A25A6E}"
EndProject
Project("{FAE04EC0-301F-11D3-BF4B-00C04F79EFBC}") = "DALContacts", "DALContacts\DALContacts.csproj", "{9E4F8DEA-F938-46E2-BF54-E77B408C63E6}"
EndProject
Project("{FAE04EC0-301F-11D3-BF4B-00C04F79EFBC}") = "BLCommon", "BLCommon\BLCommon.csproj", "{ECA5209F-D9E9-4733-93E5-DAEB81274FC7}"
EndProject
Project("{FAE04EC0-301F-11D3-BF4B-00C04F79EFBC}") = "StructuresContacts", "StructuresContacts\StructuresContacts.csproj", "{701804D0-9AA4-42B1-8908-8C888E5E04B8}"
EndProject
Global
	GlobalSection(SolutionConfigurationPlatforms) = preSolution
		Debug|Any CPU = Debug|Any CPU
		Release|Any CPU = Release|Any CPU
	EndGlobalSection
	GlobalSection(ProjectConfigurationPlatforms) = postSolution
		{56DDBE7D-7A4B-4D94-BB71-3D5995A25A6E}.Debug|Any CPU.ActiveCfg = Debug|Any CPU
		{56DDBE7D-7A4B-4D94-BB71-3D5995A25A6E}.Debug|Any CPU.Build.0 = Debug|Any CPU
		{56DDBE7D-7A4B-4D94-BB71-3D5995A25A6E}.Release|Any CPU.ActiveCfg = Release|Any CPU
		{56DDBE7D-7A4B-4D94-BB71-3D5995A25A6E}.Release|Any CPU.Build.0 = Release|Any CPU
		{9E4F8DEA-F938-46E2-BF54-E77B408C63E6}.Debug|Any CPU.ActiveCfg = Debug|Any CPU
		{9E4F8DEA-F938-46E2-BF54-E77B408C63E6}.Debug|Any CPU.Build.0 = Debug|Any CPU
		{9E4F8DEA-F938-46E2-BF54-E77B408C63E6}.Release|Any CPU.ActiveCfg = Release|Any CPU
		{9E4F8DEA-F938-46E2-BF54-E77B408C63E6}.Release|Any CPU.Build.0 = Release|Any CPU
		{ECA5209F-D9E9-4733-93E5-DAEB81274FC7}.Debug|Any CPU.ActiveCfg = Debug|Any CPU
		{ECA5209F-D9E9-4733-93E5-DAEB81274FC7}.Debug|Any CPU.Build.0 = Debug|Any CPU
		{ECA5209F-D9E9-4733-93E5-DAEB81274FC7}.Release|Any CPU.ActiveCfg = Release|Any CPU
		{ECA5209F-D9E9-4733-93E5-DAEB81274FC7}.Release|Any CPU.Build.0 = Release|Any CPU
		{701804D0-9AA4-42B1-8908-8C888E5E04B8}.Debug|Any CPU.ActiveCfg = Debug|Any CPU
		{701804D0-9AA4-42B1-8908-8C888E5E04B8}.Debug|Any CPU.Build.0 = Debug|Any CPU
		{701804D0-9AA4-42B1-8908-8C888E5E04B8}.Release|Any CPU.ActiveCfg = Release|Any CPU
		{701804D0-9AA4-42B1-8908-8C888E5E04B8}.Release|Any CPU.Build.0 = Release|Any CPU
	EndGlobalSection
	GlobalSection(SolutionProperties) = preSolution
		HideSolutionNode = FALSE
	EndGlobalSection
EndGlobal
